// !$*UTF8*$!
{
	archiveVersion = 1;
	classes = {
	};
	objectVersion = 46;
	objects = {

/* Begin PBXBuildFile section */
		3E03AABF1C39647F00336938 /* AppDelegate.swift in Sources */ = {isa = PBXBuildFile; fileRef = 3E03AABE1C39647F00336938 /* AppDelegate.swift */; };
		3E03AAC41C39647F00336938 /* Main.storyboard in Resources */ = {isa = PBXBuildFile; fileRef = 3E03AAC21C39647F00336938 /* Main.storyboard */; };
		3E03AAC61C39647F00336938 /* Assets.xcassets in Resources */ = {isa = PBXBuildFile; fileRef = 3E03AAC51C39647F00336938 /* Assets.xcassets */; };
		3E03AAC91C39647F00336938 /* LaunchScreen.storyboard in Resources */ = {isa = PBXBuildFile; fileRef = 3E03AAC71C39647F00336938 /* LaunchScreen.storyboard */; };
		3E5664831C4FC4ED005AB8A4 /* Thought.swift in Sources */ = {isa = PBXBuildFile; fileRef = 3E5664821C4FC4ED005AB8A4 /* Thought.swift */; };
		3E6EFB4D1C3C20EE007ADE67 /* ChatDataManager.swift in Sources */ = {isa = PBXBuildFile; fileRef = 3E6EFB4C1C3C20EE007ADE67 /* ChatDataManager.swift */; };
		3E6EFB4F1C3C20F8007ADE67 /* TableDataSource.swift in Sources */ = {isa = PBXBuildFile; fileRef = 3E6EFB4E1C3C20F8007ADE67 /* TableDataSource.swift */; };
		3E6EFB551C3C29AF007ADE67 /* ChatBubbleCell.swift in Sources */ = {isa = PBXBuildFile; fileRef = 3E6EFB531C3C29AF007ADE67 /* ChatBubbleCell.swift */; };
		3E6EFB561C3C29AF007ADE67 /* ChatFooterView.swift in Sources */ = {isa = PBXBuildFile; fileRef = 3E6EFB541C3C29AF007ADE67 /* ChatFooterView.swift */; };
		3E6EFB581C3C3335007ADE67 /* Constants.swift in Sources */ = {isa = PBXBuildFile; fileRef = 3E6EFB571C3C3335007ADE67 /* Constants.swift */; };
		3EE389C41C3A7F640022FDC3 /* TableViewController.swift in Sources */ = {isa = PBXBuildFile; fileRef = 3EE389C31C3A7F640022FDC3 /* TableViewController.swift */; };
		A2D28D4DE4405FA880505A44 /* Pods.framework in Frameworks */ = {isa = PBXBuildFile; fileRef = 89068AB528A3AB57AF5B1F9E /* Pods.framework */; };
/* End PBXBuildFile section */

/* Begin PBXFileReference section */
		1D135494A4093158A091F592 /* Pods.debug.xcconfig */ = {isa = PBXFileReference; includeInIndex = 1; lastKnownFileType = text.xcconfig; name = Pods.debug.xcconfig; path = "Pods/Target Support Files/Pods/Pods.debug.xcconfig"; sourceTree = "<group>"; };
		2342B302888DE025E76B42DF /* Pods.release.xcconfig */ = {isa = PBXFileReference; includeInIndex = 1; lastKnownFileType = text.xcconfig; name = Pods.release.xcconfig; path = "Pods/Target Support Files/Pods/Pods.release.xcconfig"; sourceTree = "<group>"; };
		3E03AABB1C39647F00336938 /* SwifterChat.app */ = {isa = PBXFileReference; explicitFileType = wrapper.application; includeInIndex = 0; path = SwifterChat.app; sourceTree = BUILT_PRODUCTS_DIR; };
		3E03AABE1C39647F00336938 /* AppDelegate.swift */ = {isa = PBXFileReference; lastKnownFileType = sourcecode.swift; path = AppDelegate.swift; sourceTree = "<group>"; };
		3E03AAC31C39647F00336938 /* Base */ = {isa = PBXFileReference; lastKnownFileType = file.storyboard; name = Base; path = Base.lproj/Main.storyboard; sourceTree = "<group>"; };
		3E03AAC51C39647F00336938 /* Assets.xcassets */ = {isa = PBXFileReference; lastKnownFileType = folder.assetcatalog; path = Assets.xcassets; sourceTree = "<group>"; };
		3E03AAC81C39647F00336938 /* Base */ = {isa = PBXFileReference; lastKnownFileType = file.storyboard; name = Base; path = Base.lproj/LaunchScreen.storyboard; sourceTree = "<group>"; };
		3E03AACA1C39647F00336938 /* Info.plist */ = {isa = PBXFileReference; lastKnownFileType = text.plist.xml; path = Info.plist; sourceTree = "<group>"; };
		3E5664821C4FC4ED005AB8A4 /* Thought.swift */ = {isa = PBXFileReference; fileEncoding = 4; lastKnownFileType = sourcecode.swift; path = Thought.swift; sourceTree = "<group>"; };
		3E6EFB4C1C3C20EE007ADE67 /* ChatDataManager.swift */ = {isa = PBXFileReference; fileEncoding = 4; lastKnownFileType = sourcecode.swift; path = ChatDataManager.swift; sourceTree = "<group>"; };
		3E6EFB4E1C3C20F8007ADE67 /* TableDataSource.swift */ = {isa = PBXFileReference; fileEncoding = 4; lastKnownFileType = sourcecode.swift; path = TableDataSource.swift; sourceTree = "<group>"; };
		3E6EFB531C3C29AF007ADE67 /* ChatBubbleCell.swift */ = {isa = PBXFileReference; fileEncoding = 4; lastKnownFileType = sourcecode.swift; path = ChatBubbleCell.swift; sourceTree = "<group>"; };
		3E6EFB541C3C29AF007ADE67 /* ChatFooterView.swift */ = {isa = PBXFileReference; fileEncoding = 4; lastKnownFileType = sourcecode.swift; path = ChatFooterView.swift; sourceTree = "<group>"; };
		3E6EFB571C3C3335007ADE67 /* Constants.swift */ = {isa = PBXFileReference; fileEncoding = 4; lastKnownFileType = sourcecode.swift; path = Constants.swift; sourceTree = "<group>"; };
		3EE389C31C3A7F640022FDC3 /* TableViewController.swift */ = {isa = PBXFileReference; fileEncoding = 4; lastKnownFileType = sourcecode.swift; path = TableViewController.swift; sourceTree = "<group>"; };
		89068AB528A3AB57AF5B1F9E /* Pods.framework */ = {isa = PBXFileReference; explicitFileType = wrapper.framework; includeInIndex = 0; path = Pods.framework; sourceTree = BUILT_PRODUCTS_DIR; };
/* End PBXFileReference section */

/* Begin PBXFrameworksBuildPhase section */
		3E03AAB81C39647F00336938 /* Frameworks */ = {
			isa = PBXFrameworksBuildPhase;
			buildActionMask = 2147483647;
			files = (
				A2D28D4DE4405FA880505A44 /* Pods.framework in Frameworks */,
			);
			runOnlyForDeploymentPostprocessing = 0;
		};
/* End PBXFrameworksBuildPhase section */

/* Begin PBXGroup section */
		3E03AAB21C39647F00336938 = {
			isa = PBXGroup;
			children = (
				3E03AABD1C39647F00336938 /* SwifterChat */,
				3E03AABC1C39647F00336938 /* Products */,
				E240317FAC4FC574DA096887 /* Pods */,
				B0079BACAA55A7E23B61736B /* Frameworks */,
			);
			sourceTree = "<group>";
		};
		3E03AABC1C39647F00336938 /* Products */ = {
			isa = PBXGroup;
			children = (
				3E03AABB1C39647F00336938 /* SwifterChat.app */,
			);
			name = Products;
			sourceTree = "<group>";
		};
		3E03AABD1C39647F00336938 /* SwifterChat */ = {
			isa = PBXGroup;
			children = (
				3E6EFB521C3C29AF007ADE67 /* Views */,
				3E6EFB4B1C3C20EE007ADE67 /* Models */,
				3E03AABE1C39647F00336938 /* AppDelegate.swift */,
				3EE389C31C3A7F640022FDC3 /* TableViewController.swift */,
				3E03AAC21C39647F00336938 /* Main.storyboard */,
				3E03AAC51C39647F00336938 /* Assets.xcassets */,
				3E03AAC71C39647F00336938 /* LaunchScreen.storyboard */,
				3E03AACA1C39647F00336938 /* Info.plist */,
				3E6EFB571C3C3335007ADE67 /* Constants.swift */,
			);
			path = SwifterChat;
			sourceTree = "<group>";
		};
		3E6EFB4B1C3C20EE007ADE67 /* Models */ = {
			isa = PBXGroup;
			children = (
				3E6EFB4C1C3C20EE007ADE67 /* ChatDataManager.swift */,
				3E6EFB4E1C3C20F8007ADE67 /* TableDataSource.swift */,
				3E5664821C4FC4ED005AB8A4 /* Thought.swift */,
			);
			path = Models;
			sourceTree = "<group>";
		};
		3E6EFB521C3C29AF007ADE67 /* Views */ = {
			isa = PBXGroup;
			children = (
				3E6EFB531C3C29AF007ADE67 /* ChatBubbleCell.swift */,
				3E6EFB541C3C29AF007ADE67 /* ChatFooterView.swift */,
			);
			path = Views;
			sourceTree = "<group>";
		};
		B0079BACAA55A7E23B61736B /* Frameworks */ = {
			isa = PBXGroup;
			children = (
				89068AB528A3AB57AF5B1F9E /* Pods.framework */,
			);
			name = Frameworks;
			sourceTree = "<group>";
		};
		E240317FAC4FC574DA096887 /* Pods */ = {
			isa = PBXGroup;
			children = (
				1D135494A4093158A091F592 /* Pods.debug.xcconfig */,
				2342B302888DE025E76B42DF /* Pods.release.xcconfig */,
			);
			name = Pods;
			sourceTree = "<group>";
		};
/* End PBXGroup section */

/* Begin PBXNativeTarget section */
		3E03AABA1C39647F00336938 /* SwifterChat */ = {
			isa = PBXNativeTarget;
			buildConfigurationList = 3E03AACD1C39647F00336938 /* Build configuration list for PBXNativeTarget "SwifterChat" */;
			buildPhases = (
				7B73E0BD7038A82E5B67A1B4 /* Check Pods Manifest.lock */,
				3E03AAB71C39647F00336938 /* Sources */,
				3E03AAB81C39647F00336938 /* Frameworks */,
				3E03AAB91C39647F00336938 /* Resources */,
				5AD8F0FEDFE1F868DD763852 /* Embed Pods Frameworks */,
				8A3D4BD969A4E9C3122CA80E /* Copy Pods Resources */,
			);
			buildRules = (
			);
			dependencies = (
			);
			name = SwifterChat;
			productName = SwifterChat;
			productReference = 3E03AABB1C39647F00336938 /* SwifterChat.app */;
			productType = "com.apple.product-type.application";
		};
/* End PBXNativeTarget section */

/* Begin PBXProject section */
		3E03AAB31C39647F00336938 /* Project object */ = {
			isa = PBXProject;
			attributes = {
				LastSwiftUpdateCheck = 0720;
				LastUpgradeCheck = 0720;
				ORGANIZATIONNAME = HC;
				TargetAttributes = {
					3E03AABA1C39647F00336938 = {
						CreatedOnToolsVersion = 7.2;
					};
				};
			};
			buildConfigurationList = 3E03AAB61C39647F00336938 /* Build configuration list for PBXProject "SwifterChat" */;
			compatibilityVersion = "Xcode 3.2";
			developmentRegion = English;
			hasScannedForEncodings = 0;
			knownRegions = (
				en,
				Base,
			);
			mainGroup = 3E03AAB21C39647F00336938;
			productRefGroup = 3E03AABC1C39647F00336938 /* Products */;
			projectDirPath = "";
			projectRoot = "";
			targets = (
				3E03AABA1C39647F00336938 /* SwifterChat */,
			);
		};
/* End PBXProject section */

/* Begin PBXResourcesBuildPhase section */
		3E03AAB91C39647F00336938 /* Resources */ = {
			isa = PBXResourcesBuildPhase;
			buildActionMask = 2147483647;
			files = (
				3E03AAC91C39647F00336938 /* LaunchScreen.storyboard in Resources */,
				3E03AAC61C39647F00336938 /* Assets.xcassets in Resources */,
				3E03AAC41C39647F00336938 /* Main.storyboard in Resources */,
			);
			runOnlyForDeploymentPostprocessing = 0;
		};
/* End PBXResourcesBuildPhase section */

/* Begin PBXShellScriptBuildPhase section */
		5AD8F0FEDFE1F868DD763852 /* Embed Pods Frameworks */ = {
			isa = PBXShellScriptBuildPhase;
			buildActionMask = 2147483647;
			files = (
			);
			inputPaths = (
			);
			name = "Embed Pods Frameworks";
			outputPaths = (
			);
			runOnlyForDeploymentPostprocessing = 0;
			shellPath = /bin/sh;
			shellScript = "\"${SRCROOT}/Pods/Target Support Files/Pods/Pods-frameworks.sh\"\n";
			showEnvVarsInLog = 0;
		};
		7B73E0BD7038A82E5B67A1B4 /* Check Pods Manifest.lock */ = {
			isa = PBXShellScriptBuildPhase;
			buildActionMask = 2147483647;
			files = (
			);
			inputPaths = (
			);
			name = "Check Pods Manifest.lock";
			outputPaths = (
			);
			runOnlyForDeploymentPostprocessing = 0;
			shellPath = /bin/sh;
			shellScript = "diff \"${PODS_ROOT}/../Podfile.lock\" \"${PODS_ROOT}/Manifest.lock\" > /dev/null\nif [[ $? != 0 ]] ; then\n    cat << EOM\nerror: The sandbox is not in sync with the Podfile.lock. Run 'pod install' or update your CocoaPods installation.\nEOM\n    exit 1\nfi\n";
			showEnvVarsInLog = 0;
		};
		8A3D4BD969A4E9C3122CA80E /* Copy Pods Resources */ = {
			isa = PBXShellScriptBuildPhase;
			buildActionMask = 2147483647;
			files = (
			);
			inputPaths = (
			);
			name = "Copy Pods Resources";
			outputPaths = (
			);
			runOnlyForDeploymentPostprocessing = 0;
			shellPath = /bin/sh;
			shellScript = "\"${SRCROOT}/Pods/Target Support Files/Pods/Pods-resources.sh\"\n";
			showEnvVarsInLog = 0;
		};
/* End PBXShellScriptBuildPhase section */

/* Begin PBXSourcesBuildPhase section */
		3E03AAB71C39647F00336938 /* Sources */ = {
			isa = PBXSourcesBuildPhase;
			buildActionMask = 2147483647;
			files = (
				3EE389C41C3A7F640022FDC3 /* TableViewController.swift in Sources */,
				3E5664831C4FC4ED005AB8A4 /* Thought.swift in Sources */,
				3E6EFB551C3C29AF007ADE67 /* ChatBubbleCell.swift in Sources */,
				3E6EFB4F1C3C20F8007ADE67 /* TableDataSource.swift in Sources */,
				3E6EFB561C3C29AF007ADE67 /* ChatFooterView.swift in Sources */,
				3E6EFB581C3C3335007ADE67 /* Constants.swift in Sources */,
				3E03AABF1C39647F00336938 /* AppDelegate.swift in Sources */,
				3E6EFB4D1C3C20EE007ADE67 /* ChatDataManager.swift in Sources */,
			);
			runOnlyForDeploymentPostprocessing = 0;
		};
/* End PBXSourcesBuildPhase section */

/* Begin PBXVariantGroup section */
		3E03AAC21C39647F00336938 /* Main.storyboard */ = {
			isa = PBXVariantGroup;
			children = (
				3E03AAC31C39647F00336938 /* Base */,
			);
			name = Main.storyboard;
			sourceTree = "<group>";
		};
		3E03AAC71C39647F00336938 /* LaunchScreen.storyboard */ = {
			isa = PBXVariantGroup;
			children = (
				3E03AAC81C39647F00336938 /* Base */,
			);
			name = LaunchScreen.storyboard;
			sourceTree = "<group>";
		};
/* End PBXVariantGroup section */

/* Begin XCBuildConfiguration section */
		3E03AACB1C39647F00336938 /* Debug */ = {
			isa = XCBuildConfiguration;
			buildSettings = {
				ALWAYS_SEARCH_USER_PATHS = NO;
				CLANG_CXX_LANGUAGE_STANDARD = "gnu++0x";
				CLANG_CXX_LIBRARY = "libc++";
				CLANG_ENABLE_MODULES = YES;
				CLANG_ENABLE_OBJC_ARC = YES;
				CLANG_WARN_BOOL_CONVERSION = YES;
				CLANG_WARN_CONSTANT_CONVERSION = YES;
				CLANG_WARN_DIRECT_OBJC_ISA_USAGE = YES_ERROR;
				CLANG_WARN_EMPTY_BODY = YES;
				CLANG_WARN_ENUM_CONVERSION = YES;
				CLANG_WARN_INT_CONVERSION = YES;
				CLANG_WARN_OBJC_ROOT_CLASS = YES_ERROR;
				CLANG_WARN_UNREACHABLE_CODE = YES;
				CLANG_WARN__DUPLICATE_METHOD_MATCH = YES;
				"CODE_SIGN_IDENTITY[sdk=iphoneos*]" = "iPhone Developer";
				COPY_PHASE_STRIP = NO;
				DEBUG_INFORMATION_FORMAT = dwarf;
				ENABLE_STRICT_OBJC_MSGSEND = YES;
				ENABLE_TESTABILITY = YES;
				GCC_C_LANGUAGE_STANDARD = gnu99;
				GCC_DYNAMIC_NO_PIC = NO;
				GCC_NO_COMMON_BLOCKS = YES;
				GCC_OPTIMIZATION_LEVEL = 0;
				GCC_PREPROCESSOR_DEFINITIONS = (
					"DEBUG=1",
					"$(inherited)",
				);
				GCC_WARN_64_TO_32_BIT_CONVERSION = YES;
				GCC_WARN_ABOUT_RETURN_TYPE = YES_ERROR;
				GCC_WARN_UNDECLARED_SELECTOR = YES;
				GCC_WARN_UNINITIALIZED_AUTOS = YES_AGGRESSIVE;
				GCC_WARN_UNUSED_FUNCTION = YES;
				GCC_WARN_UNUSED_VARIABLE = YES;
				IPHONEOS_DEPLOYMENT_TARGET = 9.2;
				MTL_ENABLE_DEBUG_INFO = YES;
				ONLY_ACTIVE_ARCH = YES;
				SDKROOT = iphoneos;
				SWIFT_OPTIMIZATION_LEVEL = "-Onone";
			};
			name = Debug;
		};
		3E03AACC1C39647F00336938 /* Release */ = {
			isa = XCBuildConfiguration;
			buildSettings = {
				ALWAYS_SEARCH_USER_PATHS = NO;
				CLANG_CXX_LANGUAGE_STANDARD = "gnu++0x";
				CLANG_CXX_LIBRARY = "libc++";
				CLANG_ENABLE_MODULES = YES;
				CLANG_ENABLE_OBJC_ARC = YES;
				CLANG_WARN_BOOL_CONVERSION = YES;
				CLANG_WARN_CONSTANT_CONVERSION = YES;
				CLANG_WARN_DIRECT_OBJC_ISA_USAGE = YES_ERROR;
				CLANG_WARN_EMPTY_BODY = YES;
				CLANG_WARN_ENUM_CONVERSION = YES;
				CLANG_WARN_INT_CONVERSION = YES;
				CLANG_WARN_OBJC_ROOT_CLASS = YES_ERROR;
				CLANG_WARN_UNREACHABLE_CODE = YES;
				CLANG_WARN__DUPLICATE_METHOD_MATCH = YES;
				"CODE_SIGN_IDENTITY[sdk=iphoneos*]" = "iPhone Developer";
				COPY_PHASE_STRIP = NO;
				DEBUG_INFORMATION_FORMAT = "dwarf-with-dsym";
				ENABLE_NS_ASSERTIONS = NO;
				ENABLE_STRICT_OBJC_MSGSEND = YES;
				GCC_C_LANGUAGE_STANDARD = gnu99;
				GCC_NO_COMMON_BLOCKS = YES;
				GCC_WARN_64_TO_32_BIT_CONVERSION = YES;
				GCC_WARN_ABOUT_RETURN_TYPE = YES_ERROR;
				GCC_WARN_UNDECLARED_SELECTOR = YES;
				GCC_WARN_UNINITIALIZED_AUTOS = YES_AGGRESSIVE;
				GCC_WARN_UNUSED_FUNCTION = YES;
				GCC_WARN_UNUSED_VARIABLE = YES;
				IPHONEOS_DEPLOYMENT_TARGET = 9.2;
				MTL_ENABLE_DEBUG_INFO = NO;
				SDKROOT = iphoneos;
				VALIDATE_PRODUCT = YES;
			};
			name = Release;
		};
		3E03AACE1C39647F00336938 /* Debug */ = {
			isa = XCBuildConfiguration;
			baseConfigurationReference = 1D135494A4093158A091F592 /* Pods.debug.xcconfig */;
			buildSettings = {
				ASSETCATALOG_COMPILER_APPICON_NAME = AppIcon;
				INFOPLIST_FILE = SwifterChat/Info.plist;
				LD_RUNPATH_SEARCH_PATHS = "$(inherited) @executable_path/Frameworks";
				PRODUCT_BUNDLE_IDENTIFIER = hc.SwifterChat;
				PRODUCT_NAME = "$(TARGET_NAME)";
			};
			name = Debug;
		};
		3E03AACF1C39647F00336938 /* Release */ = {
			isa = XCBuildConfiguration;
			baseConfigurationReference = 2342B302888DE025E76B42DF /* Pods.release.xcconfig */;
			buildSettings = {
				ASSETCATALOG_COMPILER_APPICON_NAME = AppIcon;
				INFOPLIST_FILE = SwifterChat/Info.plist;
				LD_RUNPATH_SEARCH_PATHS = "$(inherited) @executable_path/Frameworks";
				PRODUCT_BUNDLE_IDENTIFIER = hc.SwifterChat;
				PRODUCT_NAME = "$(TARGET_NAME)";
			};
			name = Release;
		};
/* End XCBuildConfiguration section */

/* Begin XCConfigurationList section */
		3E03AAB61C39647F00336938 /* Build configuration list for PBXProject "SwifterChat" */ = {
			isa = XCConfigurationList;
			buildConfigurations = (
				3E03AACB1C39647F00336938 /* Debug */,
				3E03AACC1C39647F00336938 /* Release */,
			);
			defaultConfigurationIsVisible = 0;
			defaultConfigurationName = Release;
		};
		3E03AACD1C39647F00336938 /* Build configuration list for PBXNativeTarget "SwifterChat" */ = {
			isa = XCConfigurationList;
			buildConfigurations = (
				3E03AACE1C39647F00336938 /* Debug */,
				3E03AACF1C39647F00336938 /* Release */,
			);
			defaultConfigurationIsVisible = 0;
			defaultConfigurationName = Release;
		};
/* End XCConfigurationList section */
	};
	rootObject = 3E03AAB31C39647F00336938 /* Project object */;
}
